// !$*UTF8*$!
{
	archiveVersion = 1;
	classes = {
	};
	objectVersion = 56;
	objects = {

/* Begin PBXBuildFile section */
		68314D4F28D4E913000F24B0 /* AppDelegate.swift in Sources */ = {isa = PBXBuildFile; fileRef = 68314D4E28D4E913000F24B0 /* AppDelegate.swift */; };
		68314D5128D4E913000F24B0 /* SceneDelegate.swift in Sources */ = {isa = PBXBuildFile; fileRef = 68314D5028D4E913000F24B0 /* SceneDelegate.swift */; };
		68314D5328D4E913000F24B0 /* ViewController.swift in Sources */ = {isa = PBXBuildFile; fileRef = 68314D5228D4E913000F24B0 /* ViewController.swift */; };
		68314D5628D4E913000F24B0 /* Main.storyboard in Resources */ = {isa = PBXBuildFile; fileRef = 68314D5428D4E913000F24B0 /* Main.storyboard */; };
		68314D5828D4E914000F24B0 /* Assets.xcassets in Resources */ = {isa = PBXBuildFile; fileRef = 68314D5728D4E914000F24B0 /* Assets.xcassets */; };
		68314D5B28D4E914000F24B0 /* LaunchScreen.storyboard in Resources */ = {isa = PBXBuildFile; fileRef = 68314D5928D4E914000F24B0 /* LaunchScreen.storyboard */; };
		68314D6628D4E914000F24B0 /* flixTests.swift in Sources */ = {isa = PBXBuildFile; fileRef = 68314D6528D4E914000F24B0 /* flixTests.swift */; };
		68314D7028D4E914000F24B0 /* flixUITests.swift in Sources */ = {isa = PBXBuildFile; fileRef = 68314D6F28D4E914000F24B0 /* flixUITests.swift */; };
		68314D7228D4E914000F24B0 /* flixUITestsLaunchTests.swift in Sources */ = {isa = PBXBuildFile; fileRef = 68314D7128D4E914000F24B0 /* flixUITestsLaunchTests.swift */; };
/* End PBXBuildFile section */

/* Begin PBXContainerItemProxy section */
		68314D6228D4E914000F24B0 /* PBXContainerItemProxy */ = {
			isa = PBXContainerItemProxy;
			containerPortal = 68314D4328D4E913000F24B0 /* Project object */;
			proxyType = 1;
			remoteGlobalIDString = 68314D4A28D4E913000F24B0;
			remoteInfo = flix;
		};
		68314D6C28D4E914000F24B0 /* PBXContainerItemProxy */ = {
			isa = PBXContainerItemProxy;
			containerPortal = 68314D4328D4E913000F24B0 /* Project object */;
			proxyType = 1;
			remoteGlobalIDString = 68314D4A28D4E913000F24B0;
			remoteInfo = flix;
		};
/* End PBXContainerItemProxy section */

/* Begin PBXFileReference section */
		68314D4B28D4E913000F24B0 /* flix.app */ = {isa = PBXFileReference; explicitFileType = wrapper.application; includeInIndex = 0; path = flix.app; sourceTree = BUILT_PRODUCTS_DIR; };
		68314D4E28D4E913000F24B0 /* AppDelegate.swift */ = {isa = PBXFileReference; lastKnownFileType = sourcecode.swift; path = AppDelegate.swift; sourceTree = "<group>"; };
		68314D5028D4E913000F24B0 /* SceneDelegate.swift */ = {isa = PBXFileReference; lastKnownFileType = sourcecode.swift; path = SceneDelegate.swift; sourceTree = "<group>"; };
		68314D5228D4E913000F24B0 /* ViewController.swift */ = {isa = PBXFileReference; lastKnownFileType = sourcecode.swift; path = ViewController.swift; sourceTree = "<group>"; };
		68314D5528D4E913000F24B0 /* Base */ = {isa = PBXFileReference; lastKnownFileType = file.storyboard; name = Base; path = Base.lproj/Main.storyboard; sourceTree = "<group>"; };
		68314D5728D4E914000F24B0 /* Assets.xcassets */ = {isa = PBXFileReference; lastKnownFileType = folder.assetcatalog; path = Assets.xcassets; sourceTree = "<group>"; };
		68314D5A28D4E914000F24B0 /* Base */ = {isa = PBXFileReference; lastKnownFileType = file.storyboard; name = Base; path = Base.lproj/LaunchScreen.storyboard; sourceTree = "<group>"; };
		68314D5C28D4E914000F24B0 /* Info.plist */ = {isa = PBXFileReference; lastKnownFileType = text.plist.xml; path = Info.plist; sourceTree = "<group>"; };
		68314D6128D4E914000F24B0 /* flixTests.xctest */ = {isa = PBXFileReference; explicitFileType = wrapper.cfbundle; includeInIndex = 0; path = flixTests.xctest; sourceTree = BUILT_PRODUCTS_DIR; };
		68314D6528D4E914000F24B0 /* flixTests.swift */ = {isa = PBXFileReference; lastKnownFileType = sourcecode.swift; path = flixTests.swift; sourceTree = "<group>"; };
		68314D6B28D4E914000F24B0 /* flixUITests.xctest */ = {isa = PBXFileReference; explicitFileType = wrapper.cfbundle; includeInIndex = 0; path = flixUITests.xctest; sourceTree = BUILT_PRODUCTS_DIR; };
		68314D6F28D4E914000F24B0 /* flixUITests.swift */ = {isa = PBXFileReference; lastKnownFileType = sourcecode.swift; path = flixUITests.swift; sourceTree = "<group>"; };
		68314D7128D4E914000F24B0 /* flixUITestsLaunchTests.swift */ = {isa = PBXFileReference; lastKnownFileType = sourcecode.swift; path = flixUITestsLaunchTests.swift; sourceTree = "<group>"; };
/* End PBXFileReference section */

/* Begin PBXFrameworksBuildPhase section */
		68314D4828D4E913000F24B0 /* Frameworks */ = {
			isa = PBXFrameworksBuildPhase;
			buildActionMask = 2147483647;
			files = (
			);
			runOnlyForDeploymentPostprocessing = 0;
		};
		68314D5E28D4E914000F24B0 /* Frameworks */ = {
			isa = PBXFrameworksBuildPhase;
			buildActionMask = 2147483647;
			files = (
			);
			runOnlyForDeploymentPostprocessing = 0;
		};
		68314D6828D4E914000F24B0 /* Frameworks */ = {
			isa = PBXFrameworksBuildPhase;
			buildActionMask = 2147483647;
			files = (
			);
			runOnlyForDeploymentPostprocessing = 0;
		};
/* End PBXFrameworksBuildPhase section */

/* Begin PBXGroup section */
		68314D4228D4E913000F24B0 = {
			isa = PBXGroup;
			children = (
				68314D4D28D4E913000F24B0 /* flix */,
				68314D6428D4E914000F24B0 /* flixTests */,
				68314D6E28D4E914000F24B0 /* flixUITests */,
				68314D4C28D4E913000F24B0 /* Products */,
			);
			sourceTree = "<group>";
		};
		68314D4C28D4E913000F24B0 /* Products */ = {
			isa = PBXGroup;
			children = (
				68314D4B28D4E913000F24B0 /* flix.app */,
				68314D6128D4E914000F24B0 /* flixTests.xctest */,
				68314D6B28D4E914000F24B0 /* flixUITests.xctest */,
			);
			name = Products;
			sourceTree = "<group>";
		};
		68314D4D28D4E913000F24B0 /* flix */ = {
			isa = PBXGroup;
			children = (
				68314D4E28D4E913000F24B0 /* AppDelegate.swift */,
				68314D5028D4E913000F24B0 /* SceneDelegate.swift */,
				68314D5228D4E913000F24B0 /* ViewController.swift */,
				68314D5428D4E913000F24B0 /* Main.storyboard */,
				68314D5728D4E914000F24B0 /* Assets.xcassets */,
				68314D5928D4E914000F24B0 /* LaunchScreen.storyboard */,
				68314D5C28D4E914000F24B0 /* Info.plist */,
			);
			path = flix;
			sourceTree = "<group>";
		};
		68314D6428D4E914000F24B0 /* flixTests */ = {
			isa = PBXGroup;
			children = (
				68314D6528D4E914000F24B0 /* flixTests.swift */,
			);
			path = flixTests;
			sourceTree = "<group>";
		};
		68314D6E28D4E914000F24B0 /* flixUITests */ = {
			isa = PBXGroup;
			children = (
				68314D6F28D4E914000F24B0 /* flixUITests.swift */,
				68314D7128D4E914000F24B0 /* flixUITestsLaunchTests.swift */,
			);
			path = flixUITests;
			sourceTree = "<group>";
		};
/* End PBXGroup section */

/* Begin PBXNativeTarget section */
		68314D4A28D4E913000F24B0 /* flix */ = {
			isa = PBXNativeTarget;
			buildConfigurationList = 68314D7528D4E914000F24B0 /* Build configuration list for PBXNativeTarget "flix" */;
			buildPhases = (
				68314D4728D4E913000F24B0 /* Sources */,
				68314D4828D4E913000F24B0 /* Frameworks */,
				68314D4928D4E913000F24B0 /* Resources */,
			);
			buildRules = (
			);
			dependencies = (
			);
			name = flix;
			productName = flix;
			productReference = 68314D4B28D4E913000F24B0 /* flix.app */;
			productType = "com.apple.product-type.application";
		};
		68314D6028D4E914000F24B0 /* flixTests */ = {
			isa = PBXNativeTarget;
			buildConfigurationList = 68314D7828D4E914000F24B0 /* Build configuration list for PBXNativeTarget "flixTests" */;
			buildPhases = (
				68314D5D28D4E914000F24B0 /* Sources */,
				68314D5E28D4E914000F24B0 /* Frameworks */,
				68314D5F28D4E914000F24B0 /* Resources */,
			);
			buildRules = (
			);
			dependencies = (
				68314D6328D4E914000F24B0 /* PBXTargetDependency */,
			);
			name = flixTests;
			productName = flixTests;
			productReference = 68314D6128D4E914000F24B0 /* flixTests.xctest */;
			productType = "com.apple.product-type.bundle.unit-test";
		};
		68314D6A28D4E914000F24B0 /* flixUITests */ = {
			isa = PBXNativeTarget;
			buildConfigurationList = 68314D7B28D4E914000F24B0 /* Build configuration list for PBXNativeTarget "flixUITests" */;
			buildPhases = (
				68314D6728D4E914000F24B0 /* Sources */,
				68314D6828D4E914000F24B0 /* Frameworks */,
				68314D6928D4E914000F24B0 /* Resources */,
			);
			buildRules = (
			);
			dependencies = (
				68314D6D28D4E914000F24B0 /* PBXTargetDependency */,
			);
			name = flixUITests;
			productName = flixUITests;
			productReference = 68314D6B28D4E914000F24B0 /* flixUITests.xctest */;
			productType = "com.apple.product-type.bundle.ui-testing";
		};
/* End PBXNativeTarget section */

/* Begin PBXProject section */
		68314D4328D4E913000F24B0 /* Project object */ = {
			isa = PBXProject;
			attributes = {
				BuildIndependentTargetsInParallel = 1;
				LastSwiftUpdateCheck = 1400;
				LastUpgradeCheck = 1400;
				TargetAttributes = {
					68314D4A28D4E913000F24B0 = {
						CreatedOnToolsVersion = 14.0;
					};
					68314D6028D4E914000F24B0 = {
						CreatedOnToolsVersion = 14.0;
						TestTargetID = 68314D4A28D4E913000F24B0;
					};
					68314D6A28D4E914000F24B0 = {
						CreatedOnToolsVersion = 14.0;
						TestTargetID = 68314D4A28D4E913000F24B0;
					};
				};
			};
			buildConfigurationList = 68314D4628D4E913000F24B0 /* Build configuration list for PBXProject "flix" */;
			compatibilityVersion = "Xcode 14.0";
			developmentRegion = en;
			hasScannedForEncodings = 0;
			knownRegions = (
				en,
				Base,
			);
			mainGroup = 68314D4228D4E913000F24B0;
			productRefGroup = 68314D4C28D4E913000F24B0 /* Products */;
			projectDirPath = "";
			projectRoot = "";
			targets = (
				68314D4A28D4E913000F24B0 /* flix */,
				68314D6028D4E914000F24B0 /* flixTests */,
				68314D6A28D4E914000F24B0 /* flixUITests */,
			);
		};
/* End PBXProject section */

/* Begin PBXResourcesBuildPhase section */
		68314D4928D4E913000F24B0 /* Resources */ = {
			isa = PBXResourcesBuildPhase;
			buildActionMask = 2147483647;
			files = (
				68314D5B28D4E914000F24B0 /* LaunchScreen.storyboard in Resources */,
				68314D5828D4E914000F24B0 /* Assets.xcassets in Resources */,
				68314D5628D4E913000F24B0 /* Main.storyboard in Resources */,
			);
			runOnlyForDeploymentPostprocessing = 0;
		};
		68314D5F28D4E914000F24B0 /* Resources */ = {
			isa = PBXResourcesBuildPhase;
			buildActionMask = 2147483647;
			files = (
			);
			runOnlyForDeploymentPostprocessing = 0;
		};
		68314D6928D4E914000F24B0 /* Resources */ = {
			isa = PBXResourcesBuildPhase;
			buildActionMask = 2147483647;
			files = (
			);
			runOnlyForDeploymentPostprocessing = 0;
		};
/* End PBXResourcesBuildPhase section */

/* Begin PBXSourcesBuildPhase section */
		68314D4728D4E913000F24B0 /* Sources */ = {
			isa = PBXSourcesBuildPhase;
			buildActionMask = 2147483647;
			files = (
				68314D5328D4E913000F24B0 /* ViewController.swift in Sources */,
				68314D4F28D4E913000F24B0 /* AppDelegate.swift in Sources */,
				68314D5128D4E913000F24B0 /* SceneDelegate.swift in Sources */,
			);
			runOnlyForDeploymentPostprocessing = 0;
		};
		68314D5D28D4E914000F24B0 /* Sources */ = {
			isa = PBXSourcesBuildPhase;
			buildActionMask = 2147483647;
			files = (
				68314D6628D4E914000F24B0 /* flixTests.swift in Sources */,
			);
			runOnlyForDeploymentPostprocessing = 0;
		};
		68314D6728D4E914000F24B0 /* Sources */ = {
			isa = PBXSourcesBuildPhase;
			buildActionMask = 2147483647;
			files = (
				68314D7028D4E914000F24B0 /* flixUITests.swift in Sources */,
				68314D7228D4E914000F24B0 /* flixUITestsLaunchTests.swift in Sources */,
			);
			runOnlyForDeploymentPostprocessing = 0;
		};
/* End PBXSourcesBuildPhase section */

/* Begin PBXTargetDependency section */
		68314D6328D4E914000F24B0 /* PBXTargetDependency */ = {
			isa = PBXTargetDependency;
			target = 68314D4A28D4E913000F24B0 /* flix */;
			targetProxy = 68314D6228D4E914000F24B0 /* PBXContainerItemProxy */;
		};
		68314D6D28D4E914000F24B0 /* PBXTargetDependency */ = {
			isa = PBXTargetDependency;
			target = 68314D4A28D4E913000F24B0 /* flix */;
			targetProxy = 68314D6C28D4E914000F24B0 /* PBXContainerItemProxy */;
		};
/* End PBXTargetDependency section */

/* Begin PBXVariantGroup section */
		68314D5428D4E913000F24B0 /* Main.storyboard */ = {
			isa = PBXVariantGroup;
			children = (
				68314D5528D4E913000F24B0 /* Base */,
			);
			name = Main.storyboard;
			sourceTree = "<group>";
		};
		68314D5928D4E914000F24B0 /* LaunchScreen.storyboard */ = {
			isa = PBXVariantGroup;
			children = (
				68314D5A28D4E914000F24B0 /* Base */,
			);
			name = LaunchScreen.storyboard;
			sourceTree = "<group>";
		};
/* End PBXVariantGroup section */

/* Begin XCBuildConfiguration section */
		68314D7328D4E914000F24B0 /* Debug */ = {
			isa = XCBuildConfiguration;
			buildSettings = {
				ALWAYS_SEARCH_USER_PATHS = NO;
				CLANG_ANALYZER_NONNULL = YES;
				CLANG_ANALYZER_NUMBER_OBJECT_CONVERSION = YES_AGGRESSIVE;
				CLANG_CXX_LANGUAGE_STANDARD = "gnu++20";
				CLANG_ENABLE_MODULES = YES;
				CLANG_ENABLE_OBJC_ARC = YES;
				CLANG_ENABLE_OBJC_WEAK = YES;
				CLANG_WARN_BLOCK_CAPTURE_AUTORELEASING = YES;
				CLANG_WARN_BOOL_CONVERSION = YES;
				CLANG_WARN_COMMA = YES;
				CLANG_WARN_CONSTANT_CONVERSION = YES;
				CLANG_WARN_DEPRECATED_OBJC_IMPLEMENTATIONS = YES;
				CLANG_WARN_DIRECT_OBJC_ISA_USAGE = YES_ERROR;
				CLANG_WARN_DOCUMENTATION_COMMENTS = YES;
				CLANG_WARN_EMPTY_BODY = YES;
				CLANG_WARN_ENUM_CONVERSION = YES;
				CLANG_WARN_INFINITE_RECURSION = YES;
				CLANG_WARN_INT_CONVERSION = YES;
				CLANG_WARN_NON_LITERAL_NULL_CONVERSION = YES;
				CLANG_WARN_OBJC_IMPLICIT_RETAIN_SELF = YES;
				CLANG_WARN_OBJC_LITERAL_CONVERSION = YES;
				CLANG_WARN_OBJC_ROOT_CLASS = YES_ERROR;
				CLANG_WARN_QUOTED_INCLUDE_IN_FRAMEWORK_HEADER = YES;
				CLANG_WARN_RANGE_LOOP_ANALYSIS = YES;
				CLANG_WARN_STRICT_PROTOTYPES = YES;
				CLANG_WARN_SUSPICIOUS_MOVE = YES;
				CLANG_WARN_UNGUARDED_AVAILABILITY = YES_AGGRESSIVE;
				CLANG_WARN_UNREACHABLE_CODE = YES;
				CLANG_WARN__DUPLICATE_METHOD_MATCH = YES;
				COPY_PHASE_STRIP = NO;
				DEBUG_INFORMATION_FORMAT = dwarf;
				ENABLE_STRICT_OBJC_MSGSEND = YES;
				ENABLE_TESTABILITY = YES;
				GCC_C_LANGUAGE_STANDARD = gnu11;
				GCC_DYNAMIC_NO_PIC = NO;
				GCC_NO_COMMON_BLOCKS = YES;
				GCC_OPTIMIZATION_LEVEL = 0;
				GCC_PREPROCESSOR_DEFINITIONS = (
					"DEBUG=1",
					"$(inherited)",
				);
				GCC_WARN_64_TO_32_BIT_CONVERSION = YES;
				GCC_WARN_ABOUT_RETURN_TYPE = YES_ERROR;
				GCC_WARN_UNDECLARED_SELECTOR = YES;
				GCC_WARN_UNINITIALIZED_AUTOS = YES_AGGRESSIVE;
				GCC_WARN_UNUSED_FUNCTION = YES;
				GCC_WARN_UNUSED_VARIABLE = YES;
				IPHONEOS_DEPLOYMENT_TARGET = 16.0;
				MTL_ENABLE_DEBUG_INFO = INCLUDE_SOURCE;
				MTL_FAST_MATH = YES;
				ONLY_ACTIVE_ARCH = YES;
				SDKROOT = iphoneos;
				SWIFT_ACTIVE_COMPILATION_CONDITIONS = DEBUG;
				SWIFT_OPTIMIZATION_LEVEL = "-Onone";
			};
			name = Debug;
		};
		68314D7428D4E914000F24B0 /* Release */ = {
			isa = XCBuildConfiguration;
			buildSettings = {
				ALWAYS_SEARCH_USER_PATHS = NO;
				CLANG_ANALYZER_NONNULL = YES;
				CLANG_ANALYZER_NUMBER_OBJECT_CONVERSION = YES_AGGRESSIVE;
				CLANG_CXX_LANGUAGE_STANDARD = "gnu++20";
				CLANG_ENABLE_MODULES = YES;
				CLANG_ENABLE_OBJC_ARC = YES;
				CLANG_ENABLE_OBJC_WEAK = YES;
				CLANG_WARN_BLOCK_CAPTURE_AUTORELEASING = YES;
				CLANG_WARN_BOOL_CONVERSION = YES;
				CLANG_WARN_COMMA = YES;
				CLANG_WARN_CONSTANT_CONVERSION = YES;
				CLANG_WARN_DEPRECATED_OBJC_IMPLEMENTATIONS = YES;
				CLANG_WARN_DIRECT_OBJC_ISA_USAGE = YES_ERROR;
				CLANG_WARN_DOCUMENTATION_COMMENTS = YES;
				CLANG_WARN_EMPTY_BODY = YES;
				CLANG_WARN_ENUM_CONVERSION = YES;
				CLANG_WARN_INFINITE_RECURSION = YES;
				CLANG_WARN_INT_CONVERSION = YES;
				CLANG_WARN_NON_LITERAL_NULL_CONVERSION = YES;
				CLANG_WARN_OBJC_IMPLICIT_RETAIN_SELF = YES;
				CLANG_WARN_OBJC_LITERAL_CONVERSION = YES;
				CLANG_WARN_OBJC_ROOT_CLASS = YES_ERROR;
				CLANG_WARN_QUOTED_INCLUDE_IN_FRAMEWORK_HEADER = YES;
				CLANG_WARN_RANGE_LOOP_ANALYSIS = YES;
				CLANG_WARN_STRICT_PROTOTYPES = YES;
				CLANG_WARN_SUSPICIOUS_MOVE = YES;
				CLANG_WARN_UNGUARDED_AVAILABILITY = YES_AGGRESSIVE;
				CLANG_WARN_UNREACHABLE_CODE = YES;
				CLANG_WARN__DUPLICATE_METHOD_MATCH = YES;
				COPY_PHASE_STRIP = NO;
				DEBUG_INFORMATION_FORMAT = "dwarf-with-dsym";
				ENABLE_NS_ASSERTIONS = NO;
				ENABLE_STRICT_OBJC_MSGSEND = YES;
				GCC_C_LANGUAGE_STANDARD = gnu11;
				GCC_NO_COMMON_BLOCKS = YES;
				GCC_WARN_64_TO_32_BIT_CONVERSION = YES;
				GCC_WARN_ABOUT_RETURN_TYPE = YES_ERROR;
				GCC_WARN_UNDECLARED_SELECTOR = YES;
				GCC_WARN_UNINITIALIZED_AUTOS = YES_AGGRESSIVE;
				GCC_WARN_UNUSED_FUNCTION = YES;
				GCC_WARN_UNUSED_VARIABLE = YES;
				IPHONEOS_DEPLOYMENT_TARGET = 16.0;
				MTL_ENABLE_DEBUG_INFO = NO;
				MTL_FAST_MATH = YES;
				SDKROOT = iphoneos;
				SWIFT_COMPILATION_MODE = wholemodule;
				SWIFT_OPTIMIZATION_LEVEL = "-O";
				VALIDATE_PRODUCT = YES;
			};
			name = Release;
		};
		68314D7628D4E914000F24B0 /* Debug */ = {
			isa = XCBuildConfiguration;
			buildSettings = {
				ASSETCATALOG_COMPILER_APPICON_NAME = AppIcon;
				ASSETCATALOG_COMPILER_GLOBAL_ACCENT_COLOR_NAME = AccentColor;
				CODE_SIGN_STYLE = Automatic;
				CURRENT_PROJECT_VERSION = 1;
				DEVELOPMENT_TEAM = R4F4KF674R;
				GENERATE_INFOPLIST_FILE = YES;
				INFOPLIST_FILE = flix/Info.plist;
				INFOPLIST_KEY_UIApplicationSupportsIndirectInputEvents = YES;
				INFOPLIST_KEY_UILaunchStoryboardName = LaunchScreen;
				INFOPLIST_KEY_UIMainStoryboardFile = Main;
				INFOPLIST_KEY_UISupportedInterfaceOrientations_iPad = "UIInterfaceOrientationPortrait UIInterfaceOrientationPortraitUpsideDown UIInterfaceOrientationLandscapeLeft UIInterfaceOrientationLandscapeRight";
				INFOPLIST_KEY_UISupportedInterfaceOrientations_iPhone = "UIInterfaceOrientationPortrait UIInterfaceOrientationLandscapeLeft UIInterfaceOrientationLandscapeRight";
				LD_RUNPATH_SEARCH_PATHS = (
					"$(inherited)",
					"@executable_path/Frameworks",
				);
				MARKETING_VERSION = 1.0;
				PRODUCT_BUNDLE_IDENTIFIER = asarelcastellanos.flix;
				PRODUCT_NAME = "$(TARGET_NAME)";
				SWIFT_EMIT_LOC_STRINGS = YES;
				SWIFT_VERSION = 5.0;
				TARGETED_DEVICE_FAMILY = "1,2";
			};
			name = Debug;
		};
		68314D7728D4E914000F24B0 /* Release */ = {
			isa = XCBuildConfiguration;
			buildSettings = {
				ASSETCATALOG_COMPILER_APPICON_NAME = AppIcon;
				ASSETCATALOG_COMPILER_GLOBAL_ACCENT_COLOR_NAME = AccentColor;
				CODE_SIGN_STYLE = Automatic;
				CURRENT_PROJECT_VERSION = 1;
				DEVELOPMENT_TEAM = R4F4KF674R;
				GENERATE_INFOPLIST_FILE = YES;
				INFOPLIST_FILE = flix/Info.plist;
				INFOPLIST_KEY_UIApplicationSupportsIndirectInputEvents = YES;
				INFOPLIST_KEY_UILaunchStoryboardName = LaunchScreen;
				INFOPLIST_KEY_UIMainStoryboardFile = Main;
				INFOPLIST_KEY_UISupportedInterfaceOrientations_iPad = "UIInterfaceOrientationPortrait UIInterfaceOrientationPortraitUpsideDown UIInterfaceOrientationLandscapeLeft UIInterfaceOrientationLandscapeRight";
				INFOPLIST_KEY_UISupportedInterfaceOrientations_iPhone = "UIInterfaceOrientationPortrait UIInterfaceOrientationLandscapeLeft UIInterfaceOrientationLandscapeRight";
				LD_RUNPATH_SEARCH_PATHS = (
					"$(inherited)",
					"@executable_path/Frameworks",
				);
				MARKETING_VERSION = 1.0;
				PRODUCT_BUNDLE_IDENTIFIER = asarelcastellanos.flix;
				PRODUCT_NAME = "$(TARGET_NAME)";
				SWIFT_EMIT_LOC_STRINGS = YES;
				SWIFT_VERSION = 5.0;
				TARGETED_DEVICE_FAMILY = "1,2";
			};
			name = Release;
		};
		68314D7928D4E914000F24B0 /* Debug */ = {
			isa = XCBuildConfiguration;
			buildSettings = {
				ALWAYS_EMBED_SWIFT_STANDARD_LIBRARIES = YES;
				BUNDLE_LOADER = "$(TEST_HOST)";
				CODE_SIGN_STYLE = Automatic;
				CURRENT_PROJECT_VERSION = 1;
				DEVELOPMENT_TEAM = R4F4KF674R;
				GENERATE_INFOPLIST_FILE = YES;
				IPHONEOS_DEPLOYMENT_TARGET = 16.0;
				MARKETING_VERSION = 1.0;
				PRODUCT_BUNDLE_IDENTIFIER = asarelcastellanos.flixTests;
				PRODUCT_NAME = "$(TARGET_NAME)";
				SWIFT_EMIT_LOC_STRINGS = NO;
				SWIFT_VERSION = 5.0;
				TARGETED_DEVICE_FAMILY = "1,2";
				TEST_HOST = "$(BUILT_PRODUCTS_DIR)/flix.app/$(BUNDLE_EXECUTABLE_FOLDER_PATH)/flix";
			};
			name = Debug;
		};
		68314D7A28D4E914000F24B0 /* Release */ = {
			isa = XCBuildConfiguration;
			buildSettings = {
				ALWAYS_EMBED_SWIFT_STANDARD_LIBRARIES = YES;
				BUNDLE_LOADER = "$(TEST_HOST)";
				CODE_SIGN_STYLE = Automatic;
				CURRENT_PROJECT_VERSION = 1;
				DEVELOPMENT_TEAM = R4F4KF674R;
				GENERATE_INFOPLIST_FILE = YES;
				IPHONEOS_DEPLOYMENT_TARGET = 16.0;
				MARKETING_VERSION = 1.0;
				PRODUCT_BUNDLE_IDENTIFIER = asarelcastellanos.flixTests;
				PRODUCT_NAME = "$(TARGET_NAME)";
				SWIFT_EMIT_LOC_STRINGS = NO;
				SWIFT_VERSION = 5.0;
				TARGETED_DEVICE_FAMILY = "1,2";
				TEST_HOST = "$(BUILT_PRODUCTS_DIR)/flix.app/$(BUNDLE_EXECUTABLE_FOLDER_PATH)/flix";
			};
			name = Release;
		};
		68314D7C28D4E914000F24B0 /* Debug */ = {
			isa = XCBuildConfiguration;
			buildSettings = {
				ALWAYS_EMBED_SWIFT_STANDARD_LIBRARIES = YES;
				CODE_SIGN_STYLE = Automatic;
				CURRENT_PROJECT_VERSION = 1;
				DEVELOPMENT_TEAM = R4F4KF674R;
				GENERATE_INFOPLIST_FILE = YES;
				MARKETING_VERSION = 1.0;
				PRODUCT_BUNDLE_IDENTIFIER = asarelcastellanos.flixUITests;
				PRODUCT_NAME = "$(TARGET_NAME)";
				SWIFT_EMIT_LOC_STRINGS = NO;
				SWIFT_VERSION = 5.0;
				TARGETED_DEVICE_FAMILY = "1,2";
				TEST_TARGET_NAME = flix;
			};
			name = Debug;
		};
		68314D7D28D4E914000F24B0 /* Release */ = {
			isa = XCBuildConfiguration;
			buildSettings = {
				ALWAYS_EMBED_SWIFT_STANDARD_LIBRARIES = YES;
				CODE_SIGN_STYLE = Automatic;
				CURRENT_PROJECT_VERSION = 1;
				DEVELOPMENT_TEAM = R4F4KF674R;
				GENERATE_INFOPLIST_FILE = YES;
				MARKETING_VERSION = 1.0;
				PRODUCT_BUNDLE_IDENTIFIER = asarelcastellanos.flixUITests;
				PRODUCT_NAME = "$(TARGET_NAME)";
				SWIFT_EMIT_LOC_STRINGS = NO;
				SWIFT_VERSION = 5.0;
				TARGETED_DEVICE_FAMILY = "1,2";
				TEST_TARGET_NAME = flix;
			};
			name = Release;
		};
/* End XCBuildConfiguration section */

/* Begin XCConfigurationList section */
		68314D4628D4E913000F24B0 /* Build configuration list for PBXProject "flix" */ = {
			isa = XCConfigurationList;
			buildConfigurations = (
				68314D7328D4E914000F24B0 /* Debug */,
				68314D7428D4E914000F24B0 /* Release */,
			);
			defaultConfigurationIsVisible = 0;
			defaultConfigurationName = Release;
		};
		68314D7528D4E914000F24B0 /* Build configuration list for PBXNativeTarget "flix" */ = {
			isa = XCConfigurationList;
			buildConfigurations = (
				68314D7628D4E914000F24B0 /* Debug */,
				68314D7728D4E914000F24B0 /* Release */,
			);
			defaultConfigurationIsVisible = 0;
			defaultConfigurationName = Release;
		};
		68314D7828D4E914000F24B0 /* Build configuration list for PBXNativeTarget "flixTests" */ = {
			isa = XCConfigurationList;
			buildConfigurations = (
				68314D7928D4E914000F24B0 /* Debug */,
				68314D7A28D4E914000F24B0 /* Release */,
			);
			defaultConfigurationIsVisible = 0;
			defaultConfigurationName = Release;
		};
		68314D7B28D4E914000F24B0 /* Build configuration list for PBXNativeTarget "flixUITests" */ = {
			isa = XCConfigurationList;
			buildConfigurations = (
				68314D7C28D4E914000F24B0 /* Debug */,
				68314D7D28D4E914000F24B0 /* Release */,
			);
			defaultConfigurationIsVisible = 0;
			defaultConfigurationName = Release;
		};
/* End XCConfigurationList section */
	};
	rootObject = 68314D4328D4E913000F24B0 /* Project object */;
}
